
Microsoft Visual Studio Solution File, Format Version 12.00
# Visual Studio Version 17
VisualStudioVersion = 17.7.34031.279
MinimumVisualStudioVersion = 10.0.40219.1
Project("{FAE04EC0-301F-11D3-BF4B-00C04F79EFBC}") = "MyMVVMProject", "MyMVVMProject\MyMVVMProject.csproj", "{82B64620-D53E-4081-BE76-BA2DD787874F}"
EndProject
Global
	GlobalSection(SolutionConfigurationPlatforms) = preSolution
		Debug|Any CPU = Debug|Any CPU
		Release|Any CPU = Release|Any CPU
	EndGlobalSection
	GlobalSection(ProjectConfigurationPlatforms) = postSolution
		{82B64620-D53E-4081-BE76-BA2DD787874F}.Debug|Any CPU.ActiveCfg = Debug|Any CPU
		{82B64620-D53E-4081-BE76-BA2DD787874F}.Debug|Any CPU.Build.0 = Debug|Any CPU
		{82B64620-D53E-4081-BE76-BA2DD787874F}.Release|Any CPU.ActiveCfg = Release|Any CPU
		{82B64620-D53E-4081-BE76-BA2DD787874F}.Release|Any CPU.Build.0 = Release|Any CPU
	EndGlobalSection
	GlobalSection(SolutionProperties) = preSolution
		HideSolutionNode = FALSE
	EndGlobalSection
	GlobalSection(ExtensibilityGlobals) = postSolution
		SolutionGuid = {E7FBE49C-C1BA-4482-9218-CF04B8AFF483}
	EndGlobalSection
EndGlobal
